# Prisma Migrate lockfile v1

20201120091246-init
20201120114234-added-other-test
20201120121328-added-user-and-permission
20201120122806-make-permission-name-unique
20201120132659-added-model-matching-old-schema
20201128124322-add-relation-between-report-and-image
20201128130007-add-url-to-report
20201128133024-fix-typo-in-attributes
20201128133747-rename-fields
20201128134903-product-code-not-required
20201128161852-change-default-type-of-category-published
20201128172852-changed-name-of-field
20201128221136-change-image-field-of-report
20201129141311-remove-auth-field-from-order
20201219141206-correct-relation-between-skus-and-images
20201219142632-modify-sku-image-relation
20201219143901-fixed-sku-image-relation---again-again
20201229105940-add-locale-to-order
20201229121926-add-autoincremental-order-number
20210102133155-remove-unnecessary-field
20210124150711-add-customization-to-purchased-sku
20210124162022-add-comment-to-order
20210124174709-add-stock-to-sku
20210125175453-add-cart-sku-concept
20210125175824-add-cart-sku-to-cart
20210125182038-renamed-cart-skus
20210125201841-remove-concept-of-cart-items